
Microsoft Visual Studio Solution File, Format Version 12.00
# Visual Studio Version 16
VisualStudioVersion = 16.0.29326.143
MinimumVisualStudioVersion = 10.0.40219.1
Project("{FAE04EC0-301F-11D3-BF4B-00C04F79EFBC}") = "StepToDo.Core", "StepToDo.Core\StepToDo.Core.csproj", "{55EA7AE9-54C5-453D-B86B-6CAA5ED070DC}"
EndProject
Project("{FAE04EC0-301F-11D3-BF4B-00C04F79EFBC}") = "StepToDo.Infrastructure", "StepToDo.Infrastructure\StepToDo.Infrastructure.csproj", "{184959E9-91C6-4E4B-A954-FA779DFC72AA}"
EndProject
Project("{FAE04EC0-301F-11D3-BF4B-00C04F79EFBC}") = "StepToDo.Presentation", "StepToDo.Presentation\StepToDo.Presentation.csproj", "{B08527E6-04B3-46C4-85C9-66C6680BD49C}"
EndProject
Global
	GlobalSection(SolutionConfigurationPlatforms) = preSolution
		Debug|Any CPU = Debug|Any CPU
		Release|Any CPU = Release|Any CPU
	EndGlobalSection
	GlobalSection(ProjectConfigurationPlatforms) = postSolution
		{55EA7AE9-54C5-453D-B86B-6CAA5ED070DC}.Debug|Any CPU.ActiveCfg = Debug|Any CPU
		{55EA7AE9-54C5-453D-B86B-6CAA5ED070DC}.Debug|Any CPU.Build.0 = Debug|Any CPU
		{55EA7AE9-54C5-453D-B86B-6CAA5ED070DC}.Release|Any CPU.ActiveCfg = Release|Any CPU
		{55EA7AE9-54C5-453D-B86B-6CAA5ED070DC}.Release|Any CPU.Build.0 = Release|Any CPU
		{184959E9-91C6-4E4B-A954-FA779DFC72AA}.Debug|Any CPU.ActiveCfg = Debug|Any CPU
		{184959E9-91C6-4E4B-A954-FA779DFC72AA}.Debug|Any CPU.Build.0 = Debug|Any CPU
		{184959E9-91C6-4E4B-A954-FA779DFC72AA}.Release|Any CPU.ActiveCfg = Release|Any CPU
		{184959E9-91C6-4E4B-A954-FA779DFC72AA}.Release|Any CPU.Build.0 = Release|Any CPU
		{B08527E6-04B3-46C4-85C9-66C6680BD49C}.Debug|Any CPU.ActiveCfg = Debug|Any CPU
		{B08527E6-04B3-46C4-85C9-66C6680BD49C}.Debug|Any CPU.Build.0 = Debug|Any CPU
		{B08527E6-04B3-46C4-85C9-66C6680BD49C}.Release|Any CPU.ActiveCfg = Release|Any CPU
		{B08527E6-04B3-46C4-85C9-66C6680BD49C}.Release|Any CPU.Build.0 = Release|Any CPU
	EndGlobalSection
	GlobalSection(SolutionProperties) = preSolution
		HideSolutionNode = FALSE
	EndGlobalSection
	GlobalSection(ExtensibilityGlobals) = postSolution
		SolutionGuid = {A88FE12B-C367-4256-9DB3-0564CC32E7B5}
	EndGlobalSection
EndGlobal
